
Microsoft Visual Studio Solution File, Format Version 12.00
# Visual Studio 15
VisualStudioVersion = 15.0.28307.136
MinimumVisualStudioVersion = 10.0.40219.1
Project("{8BC9CEB8-8B4A-11D0-8D11-00A0C91BC942}") = "ThreadLearning11", "ThreadLearning11\ThreadLearning11.vcxproj", "{9A7A9EB3-A66C-4348-98D8-6B99DC0E79DF}"
EndProject
Global
	GlobalSection(SolutionConfigurationPlatforms) = preSolution
		Debug|x64 = Debug|x64
		Debug|x86 = Debug|x86
		Release|x64 = Release|x64
		Release|x86 = Release|x86
	EndGlobalSection
	GlobalSection(ProjectConfigurationPlatforms) = postSolution
		{9A7A9EB3-A66C-4348-98D8-6B99DC0E79DF}.Debug|x64.ActiveCfg = Debug|x64
		{9A7A9EB3-A66C-4348-98D8-6B99DC0E79DF}.Debug|x64.Build.0 = Debug|x64
		{9A7A9EB3-A66C-4348-98D8-6B99DC0E79DF}.Debug|x86.ActiveCfg = Debug|Win32
		{9A7A9EB3-A66C-4348-98D8-6B99DC0E79DF}.Debug|x86.Build.0 = Debug|Win32
		{9A7A9EB3-A66C-4348-98D8-6B99DC0E79DF}.Release|x64.ActiveCfg = Release|x64
		{9A7A9EB3-A66C-4348-98D8-6B99DC0E79DF}.Release|x64.Build.0 = Release|x64
		{9A7A9EB3-A66C-4348-98D8-6B99DC0E79DF}.Release|x86.ActiveCfg = Release|Win32
		{9A7A9EB3-A66C-4348-98D8-6B99DC0E79DF}.Release|x86.Build.0 = Release|Win32
	EndGlobalSection
	GlobalSection(SolutionProperties) = preSolution
		HideSolutionNode = FALSE
	EndGlobalSection
	GlobalSection(ExtensibilityGlobals) = postSolution
		SolutionGuid = {A9A2ACA5-3C79-4DDA-8DE7-D759494BF129}
	EndGlobalSection
EndGlobal
